
Microsoft Visual Studio Solution File, Format Version 12.00
# Visual Studio Version 17
VisualStudioVersion = 17.3.32901.215
MinimumVisualStudioVersion = 10.0.40219.1
Project("{FAE04EC0-301F-11D3-BF4B-00C04F79EFBC}") = "AcademiaListaEx4", "AcademiaListaEx4.csproj", "{52FC25CC-D871-42AC-82DB-723FDB6D92D8}"
EndProject
Global
	GlobalSection(SolutionConfigurationPlatforms) = preSolution
		Debug|Any CPU = Debug|Any CPU
		Release|Any CPU = Release|Any CPU
	EndGlobalSection
	GlobalSection(ProjectConfigurationPlatforms) = postSolution
		{52FC25CC-D871-42AC-82DB-723FDB6D92D8}.Debug|Any CPU.ActiveCfg = Debug|Any CPU
		{52FC25CC-D871-42AC-82DB-723FDB6D92D8}.Debug|Any CPU.Build.0 = Debug|Any CPU
		{52FC25CC-D871-42AC-82DB-723FDB6D92D8}.Release|Any CPU.ActiveCfg = Release|Any CPU
		{52FC25CC-D871-42AC-82DB-723FDB6D92D8}.Release|Any CPU.Build.0 = Release|Any CPU
	EndGlobalSection
	GlobalSection(SolutionProperties) = preSolution
		HideSolutionNode = FALSE
	EndGlobalSection
	GlobalSection(ExtensibilityGlobals) = postSolution
		SolutionGuid = {01C4C059-4148-4C51-AC55-21EF4FA41C9D}
	EndGlobalSection
EndGlobal
